{
  "name": "coc-nasm",
<<<<<<< HEAD
  "version": "0.3.1",
=======
<<<<<<< HEAD
  "version": "0.0.7",
=======
  "version": "0.3.1",
>>>>>>> b7bbe4e (Maintained version - backup files while changing computer)
>>>>>>> d57afcc (fix bug)
  "lockfileVersion": 3,
  "requires": true,
  "packages": {
    "": {
      "name": "coc-nasm",
<<<<<<< HEAD
      "version": "0.3.1",
=======
<<<<<<< HEAD
      "version": "0.0.7",
=======
      "version": "0.3.1",
>>>>>>> b7bbe4e (Maintained version - backup files while changing computer)
>>>>>>> d57afcc (fix bug)
      "license": "MIT",
      "dependencies": {
        "coc.nvim": "^0.0.80"
      },
      "devDependencies": {
        "@types/node": "^10.12.0",
        "typescript": "^4.9.5"
      },
      "engines": {
        "coc": "^0.0.80"
      }
    },
    "node_modules/@types/node": {
      "version": "10.12.0",
      "resolved": "https://registry.npmjs.org/@types/node/-/node-10.12.0.tgz",
      "integrity": "sha512-3TUHC3jsBAB7qVRGxT6lWyYo2v96BMmD2PTcl47H25Lu7UXtFH/2qqmKiVrnel6Ne//0TFYf6uvNX+HW2FRkLQ==",
      "license": "MIT"
    },
    "node_modules/coc.nvim": {
      "version": "0.0.80",
      "resolved": "https://registry.npmjs.org/coc.nvim/-/coc.nvim-0.0.80.tgz",
      "integrity": "sha512-/3vTcnofoAYMrdENrlQmADTzfXX4+PZ0fiM10a39UA37dTR2dpIGi9O469kcIksuunLjToqWG8S45AGx/9wV7g==",
      "license": "MIT",
      "engines": {
        "node": ">=8.10.0"
      },
      "funding": {
        "type": "opencollective",
        "url": "https://opencollective.com/cocnvim"
      },
      "peerDependencies": {
        "@types/node": "10.12.0",
        "typescript": "^4"
      }
    },
    "node_modules/typescript": {
      "version": "4.9.5",
      "resolved": "https://registry.npmjs.org/typescript/-/typescript-4.9.5.tgz",
      "integrity": "sha512-1FXk9E2Hm+QzZQ7z+McJiHL4NW1F2EzMu9Nq9i3zAaGqibafqYwCVU6WyWAuyQRRzOlxou8xZSyXLEN8oKj24g==",
      "license": "Apache-2.0",
      "bin": {
        "tsc": "bin/tsc",
        "tsserver": "bin/tsserver"
      },
      "engines": {
        "node": ">=4.2.0"
      }
    }
  }
}
